
Microsoft Visual Studio Solution File, Format Version 12.00
# Visual Studio Version 16
VisualStudioVersion = 16.0.31410.357
MinimumVisualStudioVersion = 10.0.40219.1
Project("{FAE04EC0-301F-11D3-BF4B-00C04F79EFBC}") = "CSharpLesson2", "CSharpLesson2\CSharpLesson2.csproj", "{33FA30E9-94A2-4502-A84D-5B82E93AF51D}"
EndProject
Global
	GlobalSection(SolutionConfigurationPlatforms) = preSolution
		Debug|Any CPU = Debug|Any CPU
		Release|Any CPU = Release|Any CPU
	EndGlobalSection
	GlobalSection(ProjectConfigurationPlatforms) = postSolution
		{33FA30E9-94A2-4502-A84D-5B82E93AF51D}.Debug|Any CPU.ActiveCfg = Debug|Any CPU
		{33FA30E9-94A2-4502-A84D-5B82E93AF51D}.Debug|Any CPU.Build.0 = Debug|Any CPU
		{33FA30E9-94A2-4502-A84D-5B82E93AF51D}.Release|Any CPU.ActiveCfg = Release|Any CPU
		{33FA30E9-94A2-4502-A84D-5B82E93AF51D}.Release|Any CPU.Build.0 = Release|Any CPU
	EndGlobalSection
	GlobalSection(SolutionProperties) = preSolution
		HideSolutionNode = FALSE
	EndGlobalSection
	GlobalSection(ExtensibilityGlobals) = postSolution
		SolutionGuid = {5D5A8EB1-9DC2-4010-80D0-EE4103C232AB}
	EndGlobalSection
EndGlobal
